
Microsoft Visual Studio Solution File, Format Version 12.00
# Visual Studio Version 16
VisualStudioVersion = 16.0.30804.86
MinimumVisualStudioVersion = 10.0.40219.1
Project("{FAE04EC0-301F-11D3-BF4B-00C04F79EFBC}") = "ProblemTwoPortal", "ProblemTwoPortal\ProblemTwoPortal.csproj", "{AC5FA4CA-28D0-4023-953D-46CA74B8B680}"
EndProject
Global
	GlobalSection(SolutionConfigurationPlatforms) = preSolution
		Debug|Any CPU = Debug|Any CPU
		Release|Any CPU = Release|Any CPU
	EndGlobalSection
	GlobalSection(ProjectConfigurationPlatforms) = postSolution
		{AC5FA4CA-28D0-4023-953D-46CA74B8B680}.Debug|Any CPU.ActiveCfg = Debug|Any CPU
		{AC5FA4CA-28D0-4023-953D-46CA74B8B680}.Debug|Any CPU.Build.0 = Debug|Any CPU
		{AC5FA4CA-28D0-4023-953D-46CA74B8B680}.Release|Any CPU.ActiveCfg = Release|Any CPU
		{AC5FA4CA-28D0-4023-953D-46CA74B8B680}.Release|Any CPU.Build.0 = Release|Any CPU
	EndGlobalSection
	GlobalSection(SolutionProperties) = preSolution
		HideSolutionNode = FALSE
	EndGlobalSection
	GlobalSection(ExtensibilityGlobals) = postSolution
		SolutionGuid = {248E54D5-1A9F-48E3-9152-2E3818E7F5C3}
	EndGlobalSection
EndGlobal
